
Microsoft Visual Studio Solution File, Format Version 12.00
# Visual Studio 15
VisualStudioVersion = 15.0.26730.15
MinimumVisualStudioVersion = 10.0.40219.1
Project("{8BC9CEB8-8B4A-11D0-8D11-00A0C91BC942}") = "ProtobufAutoGenerator", "ProtobufAutoGenerator.vcxproj", "{812FE846-CB1F-437F-ADA6-3B818F496B79}"
EndProject
Global
	GlobalSection(SolutionConfigurationPlatforms) = preSolution
		Debug|x86 = Debug|x86
		Release|x86 = Release|x86
	EndGlobalSection
	GlobalSection(ProjectConfigurationPlatforms) = postSolution
		{812FE846-CB1F-437F-ADA6-3B818F496B79}.Debug|x86.ActiveCfg = Debug|Win32
		{812FE846-CB1F-437F-ADA6-3B818F496B79}.Debug|x86.Build.0 = Debug|Win32
		{812FE846-CB1F-437F-ADA6-3B818F496B79}.Release|x86.ActiveCfg = Release|Win32
		{812FE846-CB1F-437F-ADA6-3B818F496B79}.Release|x86.Build.0 = Release|Win32
	EndGlobalSection
	GlobalSection(SolutionProperties) = preSolution
		HideSolutionNode = FALSE
	EndGlobalSection
	GlobalSection(ExtensibilityGlobals) = postSolution
		SolutionGuid = {BD7934C7-7CBC-4C68-801D-668F4A3491CC}
	EndGlobalSection
EndGlobal
